
Microsoft Visual Studio Solution File, Format Version 12.00
# Visual Studio 14
VisualStudioVersion = 14.0.25420.1
MinimumVisualStudioVersion = 10.0.40219.1
Project("{FAE04EC0-301F-11D3-BF4B-00C04F79EFBC}") = "SportsStore.Domain", "SportsStore.Domain\SportsStore.Domain.csproj", "{1B155917-1FDA-4C91-91EE-110BF6034F71}"
EndProject
Project("{FAE04EC0-301F-11D3-BF4B-00C04F79EFBC}") = "SportsStore.WebUI", "SportsStore.WebUI\SportsStore.WebUI.csproj", "{93BBDE60-CAD4-4CC1-9413-830B1913FBFD}"
EndProject
Project("{FAE04EC0-301F-11D3-BF4B-00C04F79EFBC}") = "SportsStore.UnitTests", "SportsStore.UnitTests\SportsStore.UnitTests.csproj", "{1FB6D522-5BB6-4750-9B51-49F1EE9F566C}"
EndProject
Global
	GlobalSection(SolutionConfigurationPlatforms) = preSolution
		Debug|Any CPU = Debug|Any CPU
		Release|Any CPU = Release|Any CPU
	EndGlobalSection
	GlobalSection(ProjectConfigurationPlatforms) = postSolution
		{1B155917-1FDA-4C91-91EE-110BF6034F71}.Debug|Any CPU.ActiveCfg = Debug|Any CPU
		{1B155917-1FDA-4C91-91EE-110BF6034F71}.Debug|Any CPU.Build.0 = Debug|Any CPU
		{1B155917-1FDA-4C91-91EE-110BF6034F71}.Release|Any CPU.ActiveCfg = Release|Any CPU
		{1B155917-1FDA-4C91-91EE-110BF6034F71}.Release|Any CPU.Build.0 = Release|Any CPU
		{93BBDE60-CAD4-4CC1-9413-830B1913FBFD}.Debug|Any CPU.ActiveCfg = Debug|Any CPU
		{93BBDE60-CAD4-4CC1-9413-830B1913FBFD}.Debug|Any CPU.Build.0 = Debug|Any CPU
		{93BBDE60-CAD4-4CC1-9413-830B1913FBFD}.Release|Any CPU.ActiveCfg = Release|Any CPU
		{93BBDE60-CAD4-4CC1-9413-830B1913FBFD}.Release|Any CPU.Build.0 = Release|Any CPU
		{1FB6D522-5BB6-4750-9B51-49F1EE9F566C}.Debug|Any CPU.ActiveCfg = Debug|Any CPU
		{1FB6D522-5BB6-4750-9B51-49F1EE9F566C}.Debug|Any CPU.Build.0 = Debug|Any CPU
		{1FB6D522-5BB6-4750-9B51-49F1EE9F566C}.Release|Any CPU.ActiveCfg = Release|Any CPU
		{1FB6D522-5BB6-4750-9B51-49F1EE9F566C}.Release|Any CPU.Build.0 = Release|Any CPU
	EndGlobalSection
	GlobalSection(SolutionProperties) = preSolution
		HideSolutionNode = FALSE
	EndGlobalSection
EndGlobal
